{
  "name": "@bitacode/json-recognizer-integration",
  "version": "1.0.0",
  "lockfileVersion": 2,
  "requires": true,
  "packages": {
    "": {
      "name": "@bitacode/json-recognizer-integration",
      "version": "1.0.0",
      "hasInstallScript": true,
      "license": "MIT",
      "dependencies": {
        "@bitacode/json-recognizer": "file:bitacode-json-recognizer-0.0.1.tgz"
      },
      "devDependencies": {
        "@types/node": "^16.11.59"
      }
    },
    "node_modules/@bitacode/json-recognizer": {
      "version": "0.0.1",
      "resolved": "file:bitacode-json-recognizer-0.0.1.tgz",
      "integrity": "sha512-ZP0Sf/1WcLp4IoQUjktnYWHgrtNxEQBy0/BoJ2j1+FNmLic+oPr5iiNtrg+W0VHuCfk1kRuzQb6Lv+ikTapOsw==",
      "license": "MIT"
    },
    "node_modules/@types/node": {
      "version": "16.11.59",
      "resolved": "https://registry.npmjs.org/@types/node/-/node-16.11.59.tgz",
      "integrity": "sha512-6u+36Dj3aDzhfBVUf/mfmc92OEdzQ2kx2jcXGdigfl70E/neV21ZHE6UCz4MDzTRcVqGAM27fk+DLXvyDsn3Jw==",
      "dev": true
    }
  },
  "dependencies": {
    "@bitacode/json-recognizer": {
      "version": "file:bitacode-json-recognizer-0.0.1.tgz",
      "integrity": "sha512-ZP0Sf/1WcLp4IoQUjktnYWHgrtNxEQBy0/BoJ2j1+FNmLic+oPr5iiNtrg+W0VHuCfk1kRuzQb6Lv+ikTapOsw=="
    },
    "@types/node": {
      "version": "16.11.59",
      "resolved": "https://registry.npmjs.org/@types/node/-/node-16.11.59.tgz",
      "integrity": "sha512-6u+36Dj3aDzhfBVUf/mfmc92OEdzQ2kx2jcXGdigfl70E/neV21ZHE6UCz4MDzTRcVqGAM27fk+DLXvyDsn3Jw==",
      "dev": true
    }
  }
}
